
Microsoft Visual Studio Solution File, Format Version 12.00
# Visual Studio Version 17
VisualStudioVersion = 17.6.33829.357
MinimumVisualStudioVersion = 10.0.40219.1
Project("{9A19103F-16F7-4668-BE54-9A1E7A4F7556}") = "ProxyLinker", "ProxyLinker.csproj", "{3A40235B-D23C-4A82-86C6-C276031777E2}"
EndProject
Global
	GlobalSection(SolutionConfigurationPlatforms) = preSolution
		Debug|Any CPU = Debug|Any CPU
		Release|Any CPU = Release|Any CPU
	EndGlobalSection
	GlobalSection(ProjectConfigurationPlatforms) = postSolution
		{3A40235B-D23C-4A82-86C6-C276031777E2}.Debug|Any CPU.ActiveCfg = Debug|Any CPU
		{3A40235B-D23C-4A82-86C6-C276031777E2}.Debug|Any CPU.Build.0 = Debug|Any CPU
		{3A40235B-D23C-4A82-86C6-C276031777E2}.Release|Any CPU.ActiveCfg = Release|Any CPU
		{3A40235B-D23C-4A82-86C6-C276031777E2}.Release|Any CPU.Build.0 = Release|Any CPU
	EndGlobalSection
	GlobalSection(SolutionProperties) = preSolution
		HideSolutionNode = FALSE
	EndGlobalSection
	GlobalSection(ExtensibilityGlobals) = postSolution
		SolutionGuid = {963788C5-6AE0-4620-89E1-B9EEF87C64AC}
	EndGlobalSection
EndGlobal
